// !$*UTF8*$!
{
	archiveVersion = 1;
	classes = {
	};
	objectVersion = 54;
	objects = {

/* Begin PBXBuildFile section */
		5600622A2C6792A9000F6A73 /* cloud_sun2.json in Resources */ = {isa = PBXBuildFile; fileRef = 560062292C6792A9000F6A73 /* cloud_sun2.json */; };
		5600622C2C679344000F6A73 /* rain2.json in Resources */ = {isa = PBXBuildFile; fileRef = 5600622B2C679344000F6A73 /* rain2.json */; };
		560062322C679AFF000F6A73 /* WeatherEnums.swift in Sources */ = {isa = PBXBuildFile; fileRef = 560062312C679AFF000F6A73 /* WeatherEnums.swift */; };
		560062382C679E28000F6A73 /* HomeScreenViews.swift in Sources */ = {isa = PBXBuildFile; fileRef = 560062372C679E28000F6A73 /* HomeScreenViews.swift */; };
		5600623A2C679E8C000F6A73 /* WeatherDay.swift in Sources */ = {isa = PBXBuildFile; fileRef = 560062392C679E8C000F6A73 /* WeatherDay.swift */; };
		561F19B72C662F9E000CF687 /* Lottie in Frameworks */ = {isa = PBXBuildFile; productRef = 561F19B62C662F9E000CF687 /* Lottie */; };
		561F19BA2C662FC0000CF687 /* sun.json in Resources */ = {isa = PBXBuildFile; fileRef = 561F19B92C662FC0000CF687 /* sun.json */; };
		561F19BE2C6637B2000CF687 /* sun2.json in Resources */ = {isa = PBXBuildFile; fileRef = 561F19BD2C6637B2000CF687 /* sun2.json */; };
		561F19C02C663AAB000CF687 /* cloud.json in Resources */ = {isa = PBXBuildFile; fileRef = 561F19BF2C663AAB000CF687 /* cloud.json */; };
		561F19C22C663B6A000CF687 /* cloud2.json in Resources */ = {isa = PBXBuildFile; fileRef = 561F19C12C663B6A000CF687 /* cloud2.json */; };
		561F19CD2C6650CC000CF687 /* thunderstorm_rain2.json in Resources */ = {isa = PBXBuildFile; fileRef = 561F19C32C6650CB000CF687 /* thunderstorm_rain2.json */; };
		561F19CF2C6650CC000CF687 /* rain.json in Resources */ = {isa = PBXBuildFile; fileRef = 561F19C52C6650CB000CF687 /* rain.json */; };
		561F19D02C6650CC000CF687 /* snow.json in Resources */ = {isa = PBXBuildFile; fileRef = 561F19C62C6650CB000CF687 /* snow.json */; };
		561F19D12C6650CC000CF687 /* snow2.json in Resources */ = {isa = PBXBuildFile; fileRef = 561F19C72C6650CB000CF687 /* snow2.json */; };
		561F19D22C6650CC000CF687 /* thunderstorm.json in Resources */ = {isa = PBXBuildFile; fileRef = 561F19C82C6650CB000CF687 /* thunderstorm.json */; };
		561F19D42C6650CC000CF687 /* thunderstorm_rain.json in Resources */ = {isa = PBXBuildFile; fileRef = 561F19CA2C6650CC000CF687 /* thunderstorm_rain.json */; };
		561F19D52C6650CC000CF687 /* cloud_sun.json in Resources */ = {isa = PBXBuildFile; fileRef = 561F19CB2C6650CC000CF687 /* cloud_sun.json */; };
		561F19D62C6650CC000CF687 /* thunderstorm2.json in Resources */ = {isa = PBXBuildFile; fileRef = 561F19CC2C6650CC000CF687 /* thunderstorm2.json */; };
		56487E762C64EB4400DA11D8 /* CityModel.swift in Sources */ = {isa = PBXBuildFile; fileRef = 56487E752C64EB4400DA11D8 /* CityModel.swift */; };
		56487E782C64EFD600DA11D8 /* WeatherService.swift in Sources */ = {isa = PBXBuildFile; fileRef = 56487E772C64EFD600DA11D8 /* WeatherService.swift */; };
		565E04462C6A041F00245367 /* UIImage+Extension.swift in Sources */ = {isa = PBXBuildFile; fileRef = 565E04452C6A041F00245367 /* UIImage+Extension.swift */; };
		5661FFC22C6894E40022EEE5 /* TestView.swift in Sources */ = {isa = PBXBuildFile; fileRef = 5661FFC12C6894E40022EEE5 /* TestView.swift */; };
		5687AAA52C614FAD00EEBC1F /* WeatherResponse.swift in Sources */ = {isa = PBXBuildFile; fileRef = 5687AAA42C614FAD00EEBC1F /* WeatherResponse.swift */; };
		5687AAA72C61516600EEBC1F /* CityListView.swift in Sources */ = {isa = PBXBuildFile; fileRef = 5687AAA62C61516600EEBC1F /* CityListView.swift */; };
		ED475A9C25485F8E005997DF /* SwiftUI_WeatherApp.swift in Sources */ = {isa = PBXBuildFile; fileRef = ED475A9B25485F8E005997DF /* SwiftUI_WeatherApp.swift */; };
		ED475A9E25485F8E005997DF /* ContentView.swift in Sources */ = {isa = PBXBuildFile; fileRef = ED475A9D25485F8E005997DF /* ContentView.swift */; };
		ED475AA025485F8E005997DF /* Assets.xcassets in Resources */ = {isa = PBXBuildFile; fileRef = ED475A9F25485F8E005997DF /* Assets.xcassets */; };
		ED475AA325485F8E005997DF /* Preview Assets.xcassets in Resources */ = {isa = PBXBuildFile; fileRef = ED475AA225485F8E005997DF /* Preview Assets.xcassets */; };
		ED475AAC25489E44005997DF /* WeatherButton.swift in Sources */ = {isa = PBXBuildFile; fileRef = ED475AAB25489E44005997DF /* WeatherButton.swift */; };
/* End PBXBuildFile section */

/* Begin PBXFileReference section */
		560062292C6792A9000F6A73 /* cloud_sun2.json */ = {isa = PBXFileReference; fileEncoding = 4; lastKnownFileType = text.json; name = cloud_sun2.json; path = ../../../../../../Downloads/cloud_sun2.json; sourceTree = "<group>"; };
		5600622B2C679344000F6A73 /* rain2.json */ = {isa = PBXFileReference; fileEncoding = 4; lastKnownFileType = text.json; name = rain2.json; path = ../../../../../../Downloads/rain2.json; sourceTree = "<group>"; };
		560062312C679AFF000F6A73 /* WeatherEnums.swift */ = {isa = PBXFileReference; lastKnownFileType = sourcecode.swift; path = WeatherEnums.swift; sourceTree = "<group>"; };
		560062372C679E28000F6A73 /* HomeScreenViews.swift */ = {isa = PBXFileReference; lastKnownFileType = sourcecode.swift; path = HomeScreenViews.swift; sourceTree = "<group>"; };
		560062392C679E8C000F6A73 /* WeatherDay.swift */ = {isa = PBXFileReference; lastKnownFileType = sourcecode.swift; path = WeatherDay.swift; sourceTree = "<group>"; };
		561F19B92C662FC0000CF687 /* sun.json */ = {isa = PBXFileReference; fileEncoding = 4; lastKnownFileType = text.json; name = sun.json; path = ../../../../../../Downloads/sun.json; sourceTree = "<group>"; };
		561F19BD2C6637B2000CF687 /* sun2.json */ = {isa = PBXFileReference; fileEncoding = 4; lastKnownFileType = text.json; name = sun2.json; path = ../../../../../../Downloads/sun2.json; sourceTree = "<group>"; };
		561F19BF2C663AAB000CF687 /* cloud.json */ = {isa = PBXFileReference; fileEncoding = 4; lastKnownFileType = text.json; name = cloud.json; path = ../../../../../../Downloads/cloud.json; sourceTree = "<group>"; };
		561F19C12C663B6A000CF687 /* cloud2.json */ = {isa = PBXFileReference; fileEncoding = 4; lastKnownFileType = text.json; name = cloud2.json; path = ../../../../../../Downloads/cloud2.json; sourceTree = "<group>"; };
		561F19C32C6650CB000CF687 /* thunderstorm_rain2.json */ = {isa = PBXFileReference; fileEncoding = 4; lastKnownFileType = text.json; name = thunderstorm_rain2.json; path = ../../../../../../Downloads/thunderstorm_rain2.json; sourceTree = "<group>"; };
		561F19C52C6650CB000CF687 /* rain.json */ = {isa = PBXFileReference; fileEncoding = 4; lastKnownFileType = text.json; name = rain.json; path = ../../../../../../Downloads/rain.json; sourceTree = "<group>"; };
		561F19C62C6650CB000CF687 /* snow.json */ = {isa = PBXFileReference; fileEncoding = 4; lastKnownFileType = text.json; name = snow.json; path = ../../../../../../Downloads/snow.json; sourceTree = "<group>"; };
		561F19C72C6650CB000CF687 /* snow2.json */ = {isa = PBXFileReference; fileEncoding = 4; lastKnownFileType = text.json; name = snow2.json; path = ../../../../../../Downloads/snow2.json; sourceTree = "<group>"; };
		561F19C82C6650CB000CF687 /* thunderstorm.json */ = {isa = PBXFileReference; fileEncoding = 4; lastKnownFileType = text.json; name = thunderstorm.json; path = ../../../../../../Downloads/thunderstorm.json; sourceTree = "<group>"; };
		561F19CA2C6650CC000CF687 /* thunderstorm_rain.json */ = {isa = PBXFileReference; fileEncoding = 4; lastKnownFileType = text.json; name = thunderstorm_rain.json; path = ../../../../../../Downloads/thunderstorm_rain.json; sourceTree = "<group>"; };
		561F19CB2C6650CC000CF687 /* cloud_sun.json */ = {isa = PBXFileReference; fileEncoding = 4; lastKnownFileType = text.json; name = cloud_sun.json; path = ../../../../../../Downloads/cloud_sun.json; sourceTree = "<group>"; };
		561F19CC2C6650CC000CF687 /* thunderstorm2.json */ = {isa = PBXFileReference; fileEncoding = 4; lastKnownFileType = text.json; name = thunderstorm2.json; path = ../../../../../../Downloads/thunderstorm2.json; sourceTree = "<group>"; };
		56487E752C64EB4400DA11D8 /* CityModel.swift */ = {isa = PBXFileReference; lastKnownFileType = sourcecode.swift; path = CityModel.swift; sourceTree = "<group>"; };
		56487E772C64EFD600DA11D8 /* WeatherService.swift */ = {isa = PBXFileReference; lastKnownFileType = sourcecode.swift; path = WeatherService.swift; sourceTree = "<group>"; };
		565E04452C6A041F00245367 /* UIImage+Extension.swift */ = {isa = PBXFileReference; lastKnownFileType = sourcecode.swift; path = "UIImage+Extension.swift"; sourceTree = "<group>"; };
		5661FFC12C6894E40022EEE5 /* TestView.swift */ = {isa = PBXFileReference; lastKnownFileType = sourcecode.swift; path = TestView.swift; sourceTree = "<group>"; };
		5687AAA42C614FAD00EEBC1F /* WeatherResponse.swift */ = {isa = PBXFileReference; lastKnownFileType = sourcecode.swift; path = WeatherResponse.swift; sourceTree = "<group>"; };
		5687AAA62C61516600EEBC1F /* CityListView.swift */ = {isa = PBXFileReference; lastKnownFileType = sourcecode.swift; path = CityListView.swift; sourceTree = "<group>"; };
		ED475A9825485F8D005997DF /* SwiftUI-Weather.app */ = {isa = PBXFileReference; explicitFileType = wrapper.application; includeInIndex = 0; path = "SwiftUI-Weather.app"; sourceTree = BUILT_PRODUCTS_DIR; };
		ED475A9B25485F8E005997DF /* SwiftUI_WeatherApp.swift */ = {isa = PBXFileReference; lastKnownFileType = sourcecode.swift; path = SwiftUI_WeatherApp.swift; sourceTree = "<group>"; };
		ED475A9D25485F8E005997DF /* ContentView.swift */ = {isa = PBXFileReference; lastKnownFileType = sourcecode.swift; path = ContentView.swift; sourceTree = "<group>"; };
		ED475A9F25485F8E005997DF /* Assets.xcassets */ = {isa = PBXFileReference; lastKnownFileType = folder.assetcatalog; path = Assets.xcassets; sourceTree = "<group>"; };
		ED475AA225485F8E005997DF /* Preview Assets.xcassets */ = {isa = PBXFileReference; lastKnownFileType = folder.assetcatalog; path = "Preview Assets.xcassets"; sourceTree = "<group>"; };
		ED475AA425485F8E005997DF /* Info.plist */ = {isa = PBXFileReference; lastKnownFileType = text.plist.xml; path = Info.plist; sourceTree = "<group>"; };
		ED475AAB25489E44005997DF /* WeatherButton.swift */ = {isa = PBXFileReference; lastKnownFileType = sourcecode.swift; path = WeatherButton.swift; sourceTree = "<group>"; };
/* End PBXFileReference section */

/* Begin PBXFrameworksBuildPhase section */
		ED475A9525485F8D005997DF /* Frameworks */ = {
			isa = PBXFrameworksBuildPhase;
			buildActionMask = 2147483647;
			files = (
				561F19B72C662F9E000CF687 /* Lottie in Frameworks */,
			);
			runOnlyForDeploymentPostprocessing = 0;
		};
/* End PBXFrameworksBuildPhase section */

/* Begin PBXGroup section */
		5600622D2C67982C000F6A73 /* Views */ = {
			isa = PBXGroup;
			children = (
				560062372C679E28000F6A73 /* HomeScreenViews.swift */,
			);
			path = Views;
			sourceTree = "<group>";
		};
		561F19B82C662FAD000CF687 /* LottieAnimations */ = {
			isa = PBXGroup;
			children = (
				561F19CB2C6650CC000CF687 /* cloud_sun.json */,
				560062292C6792A9000F6A73 /* cloud_sun2.json */,
				561F19C52C6650CB000CF687 /* rain.json */,
				5600622B2C679344000F6A73 /* rain2.json */,
				561F19C62C6650CB000CF687 /* snow.json */,
				561F19C72C6650CB000CF687 /* snow2.json */,
				561F19CA2C6650CC000CF687 /* thunderstorm_rain.json */,
				561F19C32C6650CB000CF687 /* thunderstorm_rain2.json */,
				561F19C82C6650CB000CF687 /* thunderstorm.json */,
				561F19CC2C6650CC000CF687 /* thunderstorm2.json */,
				561F19BF2C663AAB000CF687 /* cloud.json */,
				561F19C12C663B6A000CF687 /* cloud2.json */,
				561F19B92C662FC0000CF687 /* sun.json */,
				561F19BD2C6637B2000CF687 /* sun2.json */,
			);
			path = LottieAnimations;
			sourceTree = "<group>";
		};
		56487E702C64DFBD00DA11D8 /* Screens */ = {
			isa = PBXGroup;
			children = (
				ED475A9D25485F8E005997DF /* ContentView.swift */,
				5687AAA62C61516600EEBC1F /* CityListView.swift */,
				5661FFC12C6894E40022EEE5 /* TestView.swift */,
			);
			path = Screens;
			sourceTree = "<group>";
		};
		56487E712C64DFCD00DA11D8 /* Commons */ = {
			isa = PBXGroup;
			children = (
				ED475AAB25489E44005997DF /* WeatherButton.swift */,
			);
			path = Commons;
			sourceTree = "<group>";
		};
		56487E722C64DFF600DA11D8 /* App */ = {
			isa = PBXGroup;
			children = (
				ED475A9B25485F8E005997DF /* SwiftUI_WeatherApp.swift */,
			);
			path = App;
			sourceTree = "<group>";
		};
		56487E732C64DFFE00DA11D8 /* Network */ = {
			isa = PBXGroup;
			children = (
				56487E772C64EFD600DA11D8 /* WeatherService.swift */,
			);
			path = Network;
			sourceTree = "<group>";
		};
		56487E742C64EB3200DA11D8 /* Models */ = {
			isa = PBXGroup;
			children = (
				56487E752C64EB4400DA11D8 /* CityModel.swift */,
				5687AAA42C614FAD00EEBC1F /* WeatherResponse.swift */,
				560062312C679AFF000F6A73 /* WeatherEnums.swift */,
				560062392C679E8C000F6A73 /* WeatherDay.swift */,
			);
			path = Models;
			sourceTree = "<group>";
		};
		565E04442C6A040900245367 /* Extensions */ = {
			isa = PBXGroup;
			children = (
				565E04452C6A041F00245367 /* UIImage+Extension.swift */,
			);
			path = Extensions;
			sourceTree = "<group>";
		};
		ED475A8F25485F8D005997DF = {
			isa = PBXGroup;
			children = (
				ED475A9A25485F8D005997DF /* SwiftUI-Weather */,
				ED475A9925485F8D005997DF /* Products */,
			);
			sourceTree = "<group>";
		};
		ED475A9925485F8D005997DF /* Products */ = {
			isa = PBXGroup;
			children = (
				ED475A9825485F8D005997DF /* SwiftUI-Weather.app */,
			);
			name = Products;
			sourceTree = "<group>";
		};
		ED475A9A25485F8D005997DF /* SwiftUI-Weather */ = {
			isa = PBXGroup;
			children = (
				565E04442C6A040900245367 /* Extensions */,
				5600622D2C67982C000F6A73 /* Views */,
				561F19B82C662FAD000CF687 /* LottieAnimations */,
				56487E742C64EB3200DA11D8 /* Models */,
				56487E722C64DFF600DA11D8 /* App */,
				56487E702C64DFBD00DA11D8 /* Screens */,
				56487E732C64DFFE00DA11D8 /* Network */,
				56487E712C64DFCD00DA11D8 /* Commons */,
				ED475AA425485F8E005997DF /* Info.plist */,
				ED475A9F25485F8E005997DF /* Assets.xcassets */,
				ED475AA125485F8E005997DF /* Preview Content */,
			);
			path = "SwiftUI-Weather";
			sourceTree = "<group>";
		};
		ED475AA125485F8E005997DF /* Preview Content */ = {
			isa = PBXGroup;
			children = (
				ED475AA225485F8E005997DF /* Preview Assets.xcassets */,
			);
			path = "Preview Content";
			sourceTree = "<group>";
		};
/* End PBXGroup section */

/* Begin PBXNativeTarget section */
		ED475A9725485F8D005997DF /* SwiftUI-Weather */ = {
			isa = PBXNativeTarget;
			buildConfigurationList = ED475AA725485F8E005997DF /* Build configuration list for PBXNativeTarget "SwiftUI-Weather" */;
			buildPhases = (
				ED475A9425485F8D005997DF /* Sources */,
				ED475A9525485F8D005997DF /* Frameworks */,
				ED475A9625485F8D005997DF /* Resources */,
			);
			buildRules = (
			);
			dependencies = (
			);
			name = "SwiftUI-Weather";
			packageProductDependencies = (
				561F19B62C662F9E000CF687 /* Lottie */,
			);
			productName = "SwiftUI-Weather";
			productReference = ED475A9825485F8D005997DF /* SwiftUI-Weather.app */;
			productType = "com.apple.product-type.application";
		};
/* End PBXNativeTarget section */

/* Begin PBXProject section */
		ED475A9025485F8D005997DF /* Project object */ = {
			isa = PBXProject;
			attributes = {
				LastSwiftUpdateCheck = 1210;
				LastUpgradeCheck = 1210;
				TargetAttributes = {
					ED475A9725485F8D005997DF = {
						CreatedOnToolsVersion = 12.1;
					};
				};
			};
			buildConfigurationList = ED475A9325485F8D005997DF /* Build configuration list for PBXProject "SwiftUI-Weather" */;
			compatibilityVersion = "Xcode 9.3";
			developmentRegion = en;
			hasScannedForEncodings = 0;
			knownRegions = (
				en,
				Base,
			);
			mainGroup = ED475A8F25485F8D005997DF;
			packageReferences = (
				561F19B52C662F9E000CF687 /* XCRemoteSwiftPackageReference "lottie-ios" */,
			);
			productRefGroup = ED475A9925485F8D005997DF /* Products */;
			projectDirPath = "";
			projectRoot = "";
			targets = (
				ED475A9725485F8D005997DF /* SwiftUI-Weather */,
			);
		};
/* End PBXProject section */

/* Begin PBXResourcesBuildPhase section */
		ED475A9625485F8D005997DF /* Resources */ = {
			isa = PBXResourcesBuildPhase;
			buildActionMask = 2147483647;
			files = (
				561F19D02C6650CC000CF687 /* snow.json in Resources */,
				561F19CD2C6650CC000CF687 /* thunderstorm_rain2.json in Resources */,
				561F19CF2C6650CC000CF687 /* rain.json in Resources */,
				ED475AA325485F8E005997DF /* Preview Assets.xcassets in Resources */,
				561F19D22C6650CC000CF687 /* thunderstorm.json in Resources */,
				561F19BE2C6637B2000CF687 /* sun2.json in Resources */,
				561F19C22C663B6A000CF687 /* cloud2.json in Resources */,
				561F19D52C6650CC000CF687 /* cloud_sun.json in Resources */,
				5600622A2C6792A9000F6A73 /* cloud_sun2.json in Resources */,
				5600622C2C679344000F6A73 /* rain2.json in Resources */,
				ED475AA025485F8E005997DF /* Assets.xcassets in Resources */,
				561F19C02C663AAB000CF687 /* cloud.json in Resources */,
				561F19D62C6650CC000CF687 /* thunderstorm2.json in Resources */,
				561F19BA2C662FC0000CF687 /* sun.json in Resources */,
				561F19D42C6650CC000CF687 /* thunderstorm_rain.json in Resources */,
				561F19D12C6650CC000CF687 /* snow2.json in Resources */,
			);
			runOnlyForDeploymentPostprocessing = 0;
		};
/* End PBXResourcesBuildPhase section */

/* Begin PBXSourcesBuildPhase section */
		ED475A9425485F8D005997DF /* Sources */ = {
			isa = PBXSourcesBuildPhase;
			buildActionMask = 2147483647;
			files = (
				ED475A9E25485F8E005997DF /* ContentView.swift in Sources */,
				5687AAA72C61516600EEBC1F /* CityListView.swift in Sources */,
				5661FFC22C6894E40022EEE5 /* TestView.swift in Sources */,
				565E04462C6A041F00245367 /* UIImage+Extension.swift in Sources */,
				56487E762C64EB4400DA11D8 /* CityModel.swift in Sources */,
				ED475A9C25485F8E005997DF /* SwiftUI_WeatherApp.swift in Sources */,
				ED475AAC25489E44005997DF /* WeatherButton.swift in Sources */,
				560062322C679AFF000F6A73 /* WeatherEnums.swift in Sources */,
				5687AAA52C614FAD00EEBC1F /* WeatherResponse.swift in Sources */,
				56487E782C64EFD600DA11D8 /* WeatherService.swift in Sources */,
				560062382C679E28000F6A73 /* HomeScreenViews.swift in Sources */,
				5600623A2C679E8C000F6A73 /* WeatherDay.swift in Sources */,
			);
			runOnlyForDeploymentPostprocessing = 0;
		};
/* End PBXSourcesBuildPhase section */

/* Begin XCBuildConfiguration section */
		ED475AA525485F8E005997DF /* Debug */ = {
			isa = XCBuildConfiguration;
			buildSettings = {
				ALWAYS_SEARCH_USER_PATHS = NO;
				CLANG_ANALYZER_NONNULL = YES;
				CLANG_ANALYZER_NUMBER_OBJECT_CONVERSION = YES_AGGRESSIVE;
				CLANG_CXX_LANGUAGE_STANDARD = "gnu++14";
				CLANG_CXX_LIBRARY = "libc++";
				CLANG_ENABLE_MODULES = YES;
				CLANG_ENABLE_OBJC_ARC = YES;
				CLANG_ENABLE_OBJC_WEAK = YES;
				CLANG_WARN_BLOCK_CAPTURE_AUTORELEASING = YES;
				CLANG_WARN_BOOL_CONVERSION = YES;
				CLANG_WARN_COMMA = YES;
				CLANG_WARN_CONSTANT_CONVERSION = YES;
				CLANG_WARN_DEPRECATED_OBJC_IMPLEMENTATIONS = YES;
				CLANG_WARN_DIRECT_OBJC_ISA_USAGE = YES_ERROR;
				CLANG_WARN_DOCUMENTATION_COMMENTS = YES;
				CLANG_WARN_EMPTY_BODY = YES;
				CLANG_WARN_ENUM_CONVERSION = YES;
				CLANG_WARN_INFINITE_RECURSION = YES;
				CLANG_WARN_INT_CONVERSION = YES;
				CLANG_WARN_NON_LITERAL_NULL_CONVERSION = YES;
				CLANG_WARN_OBJC_IMPLICIT_RETAIN_SELF = YES;
				CLANG_WARN_OBJC_LITERAL_CONVERSION = YES;
				CLANG_WARN_OBJC_ROOT_CLASS = YES_ERROR;
				CLANG_WARN_QUOTED_INCLUDE_IN_FRAMEWORK_HEADER = YES;
				CLANG_WARN_RANGE_LOOP_ANALYSIS = YES;
				CLANG_WARN_STRICT_PROTOTYPES = YES;
				CLANG_WARN_SUSPICIOUS_MOVE = YES;
				CLANG_WARN_UNGUARDED_AVAILABILITY = YES_AGGRESSIVE;
				CLANG_WARN_UNREACHABLE_CODE = YES;
				CLANG_WARN__DUPLICATE_METHOD_MATCH = YES;
				COPY_PHASE_STRIP = NO;
				DEBUG_INFORMATION_FORMAT = dwarf;
				ENABLE_STRICT_OBJC_MSGSEND = YES;
				ENABLE_TESTABILITY = YES;
				GCC_C_LANGUAGE_STANDARD = gnu11;
				GCC_DYNAMIC_NO_PIC = NO;
				GCC_NO_COMMON_BLOCKS = YES;
				GCC_OPTIMIZATION_LEVEL = 0;
				GCC_PREPROCESSOR_DEFINITIONS = (
					"DEBUG=1",
					"$(inherited)",
				);
				GCC_WARN_64_TO_32_BIT_CONVERSION = YES;
				GCC_WARN_ABOUT_RETURN_TYPE = YES_ERROR;
				GCC_WARN_UNDECLARED_SELECTOR = YES;
				GCC_WARN_UNINITIALIZED_AUTOS = YES_AGGRESSIVE;
				GCC_WARN_UNUSED_FUNCTION = YES;
				GCC_WARN_UNUSED_VARIABLE = YES;
				IPHONEOS_DEPLOYMENT_TARGET = 16.0;
				MTL_ENABLE_DEBUG_INFO = INCLUDE_SOURCE;
				MTL_FAST_MATH = YES;
				ONLY_ACTIVE_ARCH = YES;
				SDKROOT = iphoneos;
				SWIFT_ACTIVE_COMPILATION_CONDITIONS = DEBUG;
				SWIFT_OPTIMIZATION_LEVEL = "-Onone";
			};
			name = Debug;
		};
		ED475AA625485F8E005997DF /* Release */ = {
			isa = XCBuildConfiguration;
			buildSettings = {
				ALWAYS_SEARCH_USER_PATHS = NO;
				CLANG_ANALYZER_NONNULL = YES;
				CLANG_ANALYZER_NUMBER_OBJECT_CONVERSION = YES_AGGRESSIVE;
				CLANG_CXX_LANGUAGE_STANDARD = "gnu++14";
				CLANG_CXX_LIBRARY = "libc++";
				CLANG_ENABLE_MODULES = YES;
				CLANG_ENABLE_OBJC_ARC = YES;
				CLANG_ENABLE_OBJC_WEAK = YES;
				CLANG_WARN_BLOCK_CAPTURE_AUTORELEASING = YES;
				CLANG_WARN_BOOL_CONVERSION = YES;
				CLANG_WARN_COMMA = YES;
				CLANG_WARN_CONSTANT_CONVERSION = YES;
				CLANG_WARN_DEPRECATED_OBJC_IMPLEMENTATIONS = YES;
				CLANG_WARN_DIRECT_OBJC_ISA_USAGE = YES_ERROR;
				CLANG_WARN_DOCUMENTATION_COMMENTS = YES;
				CLANG_WARN_EMPTY_BODY = YES;
				CLANG_WARN_ENUM_CONVERSION = YES;
				CLANG_WARN_INFINITE_RECURSION = YES;
				CLANG_WARN_INT_CONVERSION = YES;
				CLANG_WARN_NON_LITERAL_NULL_CONVERSION = YES;
				CLANG_WARN_OBJC_IMPLICIT_RETAIN_SELF = YES;
				CLANG_WARN_OBJC_LITERAL_CONVERSION = YES;
				CLANG_WARN_OBJC_ROOT_CLASS = YES_ERROR;
				CLANG_WARN_QUOTED_INCLUDE_IN_FRAMEWORK_HEADER = YES;
				CLANG_WARN_RANGE_LOOP_ANALYSIS = YES;
				CLANG_WARN_STRICT_PROTOTYPES = YES;
				CLANG_WARN_SUSPICIOUS_MOVE = YES;
				CLANG_WARN_UNGUARDED_AVAILABILITY = YES_AGGRESSIVE;
				CLANG_WARN_UNREACHABLE_CODE = YES;
				CLANG_WARN__DUPLICATE_METHOD_MATCH = YES;
				COPY_PHASE_STRIP = NO;
				DEBUG_INFORMATION_FORMAT = "dwarf-with-dsym";
				ENABLE_NS_ASSERTIONS = NO;
				ENABLE_STRICT_OBJC_MSGSEND = YES;
				GCC_C_LANGUAGE_STANDARD = gnu11;
				GCC_NO_COMMON_BLOCKS = YES;
				GCC_WARN_64_TO_32_BIT_CONVERSION = YES;
				GCC_WARN_ABOUT_RETURN_TYPE = YES_ERROR;
				GCC_WARN_UNDECLARED_SELECTOR = YES;
				GCC_WARN_UNINITIALIZED_AUTOS = YES_AGGRESSIVE;
				GCC_WARN_UNUSED_FUNCTION = YES;
				GCC_WARN_UNUSED_VARIABLE = YES;
				IPHONEOS_DEPLOYMENT_TARGET = 16.0;
				MTL_ENABLE_DEBUG_INFO = NO;
				MTL_FAST_MATH = YES;
				SDKROOT = iphoneos;
				SWIFT_COMPILATION_MODE = wholemodule;
				SWIFT_OPTIMIZATION_LEVEL = "-O";
				VALIDATE_PRODUCT = YES;
			};
			name = Release;
		};
		ED475AA825485F8E005997DF /* Debug */ = {
			isa = XCBuildConfiguration;
			buildSettings = {
				ASSETCATALOG_COMPILER_APPICON_NAME = AppIcon;
				ASSETCATALOG_COMPILER_GLOBAL_ACCENT_COLOR_NAME = AccentColor;
				CODE_SIGN_STYLE = Automatic;
				DEVELOPMENT_ASSET_PATHS = "\"SwiftUI-Weather/Preview Content\"";
				DEVELOPMENT_TEAM = H69U55MWXW;
				ENABLE_PREVIEWS = YES;
				INFOPLIST_FILE = "SwiftUI-Weather/Info.plist";
				IPHONEOS_DEPLOYMENT_TARGET = 16.0;
				LD_RUNPATH_SEARCH_PATHS = (
					"$(inherited)",
					"@executable_path/Frameworks",
				);
				PRODUCT_BUNDLE_IDENTIFIER = "co.seanallen.SwiftUI-Weather";
				PRODUCT_NAME = "$(TARGET_NAME)";
				SWIFT_VERSION = 5.0;
				TARGETED_DEVICE_FAMILY = "1,2";
			};
			name = Debug;
		};
		ED475AA925485F8E005997DF /* Release */ = {
			isa = XCBuildConfiguration;
			buildSettings = {
				ASSETCATALOG_COMPILER_APPICON_NAME = AppIcon;
				ASSETCATALOG_COMPILER_GLOBAL_ACCENT_COLOR_NAME = AccentColor;
				CODE_SIGN_STYLE = Automatic;
				DEVELOPMENT_ASSET_PATHS = "\"SwiftUI-Weather/Preview Content\"";
				DEVELOPMENT_TEAM = H69U55MWXW;
				ENABLE_PREVIEWS = YES;
				INFOPLIST_FILE = "SwiftUI-Weather/Info.plist";
				IPHONEOS_DEPLOYMENT_TARGET = 16.0;
				LD_RUNPATH_SEARCH_PATHS = (
					"$(inherited)",
					"@executable_path/Frameworks",
				);
				PRODUCT_BUNDLE_IDENTIFIER = "co.seanallen.SwiftUI-Weather";
				PRODUCT_NAME = "$(TARGET_NAME)";
				SWIFT_VERSION = 5.0;
				TARGETED_DEVICE_FAMILY = "1,2";
			};
			name = Release;
		};
/* End XCBuildConfiguration section */

/* Begin XCConfigurationList section */
		ED475A9325485F8D005997DF /* Build configuration list for PBXProject "SwiftUI-Weather" */ = {
			isa = XCConfigurationList;
			buildConfigurations = (
				ED475AA525485F8E005997DF /* Debug */,
				ED475AA625485F8E005997DF /* Release */,
			);
			defaultConfigurationIsVisible = 0;
			defaultConfigurationName = Release;
		};
		ED475AA725485F8E005997DF /* Build configuration list for PBXNativeTarget "SwiftUI-Weather" */ = {
			isa = XCConfigurationList;
			buildConfigurations = (
				ED475AA825485F8E005997DF /* Debug */,
				ED475AA925485F8E005997DF /* Release */,
			);
			defaultConfigurationIsVisible = 0;
			defaultConfigurationName = Release;
		};
/* End XCConfigurationList section */

/* Begin XCRemoteSwiftPackageReference section */
		561F19B52C662F9E000CF687 /* XCRemoteSwiftPackageReference "lottie-ios" */ = {
			isa = XCRemoteSwiftPackageReference;
			repositoryURL = "https://github.com/airbnb/lottie-ios";
			requirement = {
				kind = upToNextMajorVersion;
				minimumVersion = 4.5.0;
			};
		};
/* End XCRemoteSwiftPackageReference section */

/* Begin XCSwiftPackageProductDependency section */
		561F19B62C662F9E000CF687 /* Lottie */ = {
			isa = XCSwiftPackageProductDependency;
			package = 561F19B52C662F9E000CF687 /* XCRemoteSwiftPackageReference "lottie-ios" */;
			productName = Lottie;
		};
/* End XCSwiftPackageProductDependency section */
	};
	rootObject = ED475A9025485F8D005997DF /* Project object */;
}
